
Microsoft Visual Studio Solution File, Format Version 12.00
# Visual Studio Version 17
VisualStudioVersion = 17.7.34221.43
MinimumVisualStudioVersion = 10.0.40219.1
Project("{FAE04EC0-301F-11D3-BF4B-00C04F79EFBC}") = "Aula-05", "Aula-05.csproj", "{2CA55BEB-2D95-4A29-B57F-4D631A761B8B}"
EndProject
Global
	GlobalSection(SolutionConfigurationPlatforms) = preSolution
		Debug|Any CPU = Debug|Any CPU
		Release|Any CPU = Release|Any CPU
	EndGlobalSection
	GlobalSection(ProjectConfigurationPlatforms) = postSolution
		{2CA55BEB-2D95-4A29-B57F-4D631A761B8B}.Debug|Any CPU.ActiveCfg = Debug|Any CPU
		{2CA55BEB-2D95-4A29-B57F-4D631A761B8B}.Debug|Any CPU.Build.0 = Debug|Any CPU
		{2CA55BEB-2D95-4A29-B57F-4D631A761B8B}.Release|Any CPU.ActiveCfg = Release|Any CPU
		{2CA55BEB-2D95-4A29-B57F-4D631A761B8B}.Release|Any CPU.Build.0 = Release|Any CPU
	EndGlobalSection
	GlobalSection(SolutionProperties) = preSolution
		HideSolutionNode = FALSE
	EndGlobalSection
	GlobalSection(ExtensibilityGlobals) = postSolution
		SolutionGuid = {F296CEB6-F45C-4D6A-BF01-2E199C45996C}
	EndGlobalSection
EndGlobal
