
Microsoft Visual Studio Solution File, Format Version 12.00
# Visual Studio Version 17
VisualStudioVersion = 17.7.34221.43
MinimumVisualStudioVersion = 10.0.40219.1
Project("{FAE04EC0-301F-11D3-BF4B-00C04F79EFBC}") = "Aula-03", "Aula-03.csproj", "{223ED121-3F10-494D-978E-446C0D3C533A}"
EndProject
Global
	GlobalSection(SolutionConfigurationPlatforms) = preSolution
		Debug|Any CPU = Debug|Any CPU
		Release|Any CPU = Release|Any CPU
	EndGlobalSection
	GlobalSection(ProjectConfigurationPlatforms) = postSolution
		{223ED121-3F10-494D-978E-446C0D3C533A}.Debug|Any CPU.ActiveCfg = Debug|Any CPU
		{223ED121-3F10-494D-978E-446C0D3C533A}.Debug|Any CPU.Build.0 = Debug|Any CPU
		{223ED121-3F10-494D-978E-446C0D3C533A}.Release|Any CPU.ActiveCfg = Release|Any CPU
		{223ED121-3F10-494D-978E-446C0D3C533A}.Release|Any CPU.Build.0 = Release|Any CPU
	EndGlobalSection
	GlobalSection(SolutionProperties) = preSolution
		HideSolutionNode = FALSE
	EndGlobalSection
	GlobalSection(ExtensibilityGlobals) = postSolution
		SolutionGuid = {6CF20362-6457-49E3-B435-BE0C4ABA9347}
	EndGlobalSection
EndGlobal
