
Microsoft Visual Studio Solution File, Format Version 12.00
# Visual Studio Version 17
VisualStudioVersion = 17.7.34221.43
MinimumVisualStudioVersion = 10.0.40219.1
Project("{FAE04EC0-301F-11D3-BF4B-00C04F79EFBC}") = "Constantes", "Constantes.csproj", "{B692ACE6-286F-43B5-BFC1-83689E762F3C}"
EndProject
Global
	GlobalSection(SolutionConfigurationPlatforms) = preSolution
		Debug|Any CPU = Debug|Any CPU
		Release|Any CPU = Release|Any CPU
	EndGlobalSection
	GlobalSection(ProjectConfigurationPlatforms) = postSolution
		{B692ACE6-286F-43B5-BFC1-83689E762F3C}.Debug|Any CPU.ActiveCfg = Debug|Any CPU
		{B692ACE6-286F-43B5-BFC1-83689E762F3C}.Debug|Any CPU.Build.0 = Debug|Any CPU
		{B692ACE6-286F-43B5-BFC1-83689E762F3C}.Release|Any CPU.ActiveCfg = Release|Any CPU
		{B692ACE6-286F-43B5-BFC1-83689E762F3C}.Release|Any CPU.Build.0 = Release|Any CPU
	EndGlobalSection
	GlobalSection(SolutionProperties) = preSolution
		HideSolutionNode = FALSE
	EndGlobalSection
	GlobalSection(ExtensibilityGlobals) = postSolution
		SolutionGuid = {250769EC-FF96-444F-AA09-F12B468AEAB2}
	EndGlobalSection
EndGlobal
